{
  "name": "@yuo/vite-plugin-vconsole",
  "version": "1.0.1",
  "lockfileVersion": 2,
  "requires": true,
  "packages": {
    "": {
      "name": "@yuo/vite-plugin-vconsole",
      "version": "1.0.1",
      "license": "MIT",
      "dependencies": {
        "@yuo/vite-plugin-vconsole": "^1.0.1"
      }
    },
    "node_modules/@yuo/vite-plugin-vconsole": {
      "version": "1.0.1",
      "resolved": "https://registry.npmjs.org/@yuo/vite-plugin-vconsole/-/vite-plugin-vconsole-1.0.1.tgz",
      "integrity": "sha512-BmyGLVn1pJu65IyoAOelOEnOSmHoGoFdqOtXPXubRO5BQHWtklSsGqUFbzQn6Gkv36PHJz48y/qKbtFxXqCTLA=="
    }
  },
  "dependencies": {
    "@yuo/vite-plugin-vconsole": {
      "version": "1.0.1",
      "resolved": "https://registry.npmjs.org/@yuo/vite-plugin-vconsole/-/vite-plugin-vconsole-1.0.1.tgz",
      "integrity": "sha512-BmyGLVn1pJu65IyoAOelOEnOSmHoGoFdqOtXPXubRO5BQHWtklSsGqUFbzQn6Gkv36PHJz48y/qKbtFxXqCTLA=="
    }
  }
}
